
Microsoft Visual Studio Solution File, Format Version 12.00
# Visual Studio Version 17
VisualStudioVersion = 17.11.35222.181
MinimumVisualStudioVersion = 10.0.40219.1
Project("{FAE04EC0-301F-11D3-BF4B-00C04F79EFBC}") = "WpfAppTemplate", "WpfAppTemplate.csproj", "{9BBAFEA9-545F-474C-A359-00745C66247D}"
EndProject
Global
	GlobalSection(SolutionConfigurationPlatforms) = preSolution
		Debug|Any CPU = Debug|Any CPU
		Release|Any CPU = Release|Any CPU
	EndGlobalSection
	GlobalSection(ProjectConfigurationPlatforms) = postSolution
		{9BBAFEA9-545F-474C-A359-00745C66247D}.Debug|Any CPU.ActiveCfg = Debug|Any CPU
		{9BBAFEA9-545F-474C-A359-00745C66247D}.Debug|Any CPU.Build.0 = Debug|Any CPU
		{9BBAFEA9-545F-474C-A359-00745C66247D}.Release|Any CPU.ActiveCfg = Release|Any CPU
		{9BBAFEA9-545F-474C-A359-00745C66247D}.Release|Any CPU.Build.0 = Release|Any CPU
	EndGlobalSection
	GlobalSection(SolutionProperties) = preSolution
		HideSolutionNode = FALSE
	EndGlobalSection
	GlobalSection(ExtensibilityGlobals) = postSolution
		SolutionGuid = {DB08C3DC-B9D7-4D29-BCEB-A35955ECB103}
	EndGlobalSection
EndGlobal
